
Microsoft Visual Studio Solution File, Format Version 12.00
# Visual Studio Version 17
VisualStudioVersion = 17.12.35728.132
MinimumVisualStudioVersion = 10.0.40219.1
Project("{2150E333-8FDC-42A3-9474-1A3956D46DE8}") = "src", "src", "{BF1B41F1-CFD2-4735-9F97-FF8204003D82}"
EndProject
Project("{2150E333-8FDC-42A3-9474-1A3956D46DE8}") = "tests", "tests", "{63D00DE8-5046-42A1-93AB-220487F6361A}"
EndProject
Project("{FAE04EC0-301F-11D3-BF4B-00C04F79EFBC}") = "ChainOfRespKataWeb", "src\ChainOfRespKataWeb\ChainOfRespKataWeb.csproj", "{7997AA92-5259-43ED-A517-C1F0EE2F9F2E}"
EndProject
Project("{FAE04EC0-301F-11D3-BF4B-00C04F79EFBC}") = "ChainOfRespKataTests", "tests\ChainOfRespKataTests\ChainOfRespKataTests.csproj", "{361BD695-B2DE-4497-B30E-F1822464AA5A}"
EndProject
Global
	GlobalSection(SolutionConfigurationPlatforms) = preSolution
		Debug|Any CPU = Debug|Any CPU
		Release|Any CPU = Release|Any CPU
	EndGlobalSection
	GlobalSection(ProjectConfigurationPlatforms) = postSolution
		{7997AA92-5259-43ED-A517-C1F0EE2F9F2E}.Debug|Any CPU.ActiveCfg = Debug|Any CPU
		{7997AA92-5259-43ED-A517-C1F0EE2F9F2E}.Debug|Any CPU.Build.0 = Debug|Any CPU
		{7997AA92-5259-43ED-A517-C1F0EE2F9F2E}.Release|Any CPU.ActiveCfg = Release|Any CPU
		{7997AA92-5259-43ED-A517-C1F0EE2F9F2E}.Release|Any CPU.Build.0 = Release|Any CPU
		{361BD695-B2DE-4497-B30E-F1822464AA5A}.Debug|Any CPU.ActiveCfg = Debug|Any CPU
		{361BD695-B2DE-4497-B30E-F1822464AA5A}.Debug|Any CPU.Build.0 = Debug|Any CPU
		{361BD695-B2DE-4497-B30E-F1822464AA5A}.Release|Any CPU.ActiveCfg = Release|Any CPU
		{361BD695-B2DE-4497-B30E-F1822464AA5A}.Release|Any CPU.Build.0 = Release|Any CPU
	EndGlobalSection
	GlobalSection(SolutionProperties) = preSolution
		HideSolutionNode = FALSE
	EndGlobalSection
	GlobalSection(NestedProjects) = preSolution
		{7997AA92-5259-43ED-A517-C1F0EE2F9F2E} = {BF1B41F1-CFD2-4735-9F97-FF8204003D82}
		{361BD695-B2DE-4497-B30E-F1822464AA5A} = {63D00DE8-5046-42A1-93AB-220487F6361A}
	EndGlobalSection
EndGlobal
