
Microsoft Visual Studio Solution File, Format Version 12.00
# Visual Studio Version 17
VisualStudioVersion = 17.12.35728.132
MinimumVisualStudioVersion = 10.0.40219.1
Project("{FAE04EC0-301F-11D3-BF4B-00C04F79EFBC}") = "ChainOfRespKataWeb", "Kata\ChainOfRespKataWeb.csproj", "{AD96B870-0AA8-4588-BD71-4BA51CFDB609}"
EndProject
Project("{FAE04EC0-301F-11D3-BF4B-00C04F79EFBC}") = "ChainOfRespKataTests", "ChainOfRespKataTests\ChainOfRespKataTests.csproj", "{2890C57B-9652-402C-9480-BDCB5094DFBE}"
EndProject
Project("{2150E333-8FDC-42A3-9474-1A3956D46DE8}") = "src", "src", "{BF1B41F1-CFD2-4735-9F97-FF8204003D82}"
EndProject
Project("{2150E333-8FDC-42A3-9474-1A3956D46DE8}") = "tests", "tests", "{63D00DE8-5046-42A1-93AB-220487F6361A}"
EndProject
Global
	GlobalSection(SolutionConfigurationPlatforms) = preSolution
		Debug|Any CPU = Debug|Any CPU
		Release|Any CPU = Release|Any CPU
	EndGlobalSection
	GlobalSection(ProjectConfigurationPlatforms) = postSolution
		{AD96B870-0AA8-4588-BD71-4BA51CFDB609}.Debug|Any CPU.ActiveCfg = Debug|Any CPU
		{AD96B870-0AA8-4588-BD71-4BA51CFDB609}.Debug|Any CPU.Build.0 = Debug|Any CPU
		{AD96B870-0AA8-4588-BD71-4BA51CFDB609}.Release|Any CPU.ActiveCfg = Release|Any CPU
		{AD96B870-0AA8-4588-BD71-4BA51CFDB609}.Release|Any CPU.Build.0 = Release|Any CPU
		{2890C57B-9652-402C-9480-BDCB5094DFBE}.Debug|Any CPU.ActiveCfg = Debug|Any CPU
		{2890C57B-9652-402C-9480-BDCB5094DFBE}.Debug|Any CPU.Build.0 = Debug|Any CPU
		{2890C57B-9652-402C-9480-BDCB5094DFBE}.Release|Any CPU.ActiveCfg = Release|Any CPU
		{2890C57B-9652-402C-9480-BDCB5094DFBE}.Release|Any CPU.Build.0 = Release|Any CPU
	EndGlobalSection
	GlobalSection(SolutionProperties) = preSolution
		HideSolutionNode = FALSE
	EndGlobalSection
	GlobalSection(NestedProjects) = preSolution
		{AD96B870-0AA8-4588-BD71-4BA51CFDB609} = {BF1B41F1-CFD2-4735-9F97-FF8204003D82}
		{2890C57B-9652-402C-9480-BDCB5094DFBE} = {63D00DE8-5046-42A1-93AB-220487F6361A}
	EndGlobalSection
EndGlobal
